
Microsoft Visual Studio Solution File, Format Version 12.00
# Visual Studio Version 17
VisualStudioVersion = 17.11.35327.3
MinimumVisualStudioVersion = 10.0.40219.1
Project("{FAE04EC0-301F-11D3-BF4B-00C04F79EFBC}") = "ES14", "ES14.csproj", "{4D750C00-EDD6-4853-951E-F73E9199C73D}"
EndProject
Global
	GlobalSection(SolutionConfigurationPlatforms) = preSolution
		Debug|Any CPU = Debug|Any CPU
		Release|Any CPU = Release|Any CPU
	EndGlobalSection
	GlobalSection(ProjectConfigurationPlatforms) = postSolution
		{4D750C00-EDD6-4853-951E-F73E9199C73D}.Debug|Any CPU.ActiveCfg = Debug|Any CPU
		{4D750C00-EDD6-4853-951E-F73E9199C73D}.Debug|Any CPU.Build.0 = Debug|Any CPU
		{4D750C00-EDD6-4853-951E-F73E9199C73D}.Release|Any CPU.ActiveCfg = Release|Any CPU
		{4D750C00-EDD6-4853-951E-F73E9199C73D}.Release|Any CPU.Build.0 = Release|Any CPU
	EndGlobalSection
	GlobalSection(SolutionProperties) = preSolution
		HideSolutionNode = FALSE
	EndGlobalSection
	GlobalSection(ExtensibilityGlobals) = postSolution
		SolutionGuid = {17A15F5F-B057-4118-B74D-CA8A9191528E}
	EndGlobalSection
EndGlobal
